// !$*UTF8*$!
{
	"archiveVersion" = "1";
	"classes" = {
	};
	"objectVersion" = "60";
	"objects" = {
		"33434F675881B3B4A8CC72E4" = {
			"isa" = "XCBuildConfiguration";
			"name" = "Debug";
			"buildSettings" = {
				"SDKROOT" = "iphoneos";
				"IPHONEOS_DEPLOYMENT_TARGET" = "17.0";
				"SWIFT_VERSION" = "5.0";
				"CLANG_ENABLE_MODULES" = "YES";
				"CLANG_ENABLE_OBJC_ARC" = "YES";
				"ENABLE_USER_SCRIPT_SANDBOXING" = "YES";
				"GCC_C_LANGUAGE_STANDARD" = "gnu17";
				"ALWAYS_SEARCH_USER_PATHS" = "NO";
				"COPY_PHASE_STRIP" = "NO";
				"SWIFT_OPTIMIZATION_LEVEL" = "-Onone";
				"DEBUG_INFORMATION_FORMAT" = "dwarf";
				"ONLY_ACTIVE_ARCH" = "YES";
				"ENABLE_TESTABILITY" = "YES";
				"SWIFT_ACTIVE_COMPILATION_CONDITIONS" = "DEBUG $(inherited)";
			};
		};
		"53CDDEFB259B5F6FD5196AE6" = {
			"isa" = "XCBuildConfiguration";
			"name" = "Release";
			"buildSettings" = {
				"SDKROOT" = "iphoneos";
				"IPHONEOS_DEPLOYMENT_TARGET" = "17.0";
				"SWIFT_VERSION" = "5.0";
				"CLANG_ENABLE_MODULES" = "YES";
				"CLANG_ENABLE_OBJC_ARC" = "YES";
				"ENABLE_USER_SCRIPT_SANDBOXING" = "YES";
				"GCC_C_LANGUAGE_STANDARD" = "gnu17";
				"ALWAYS_SEARCH_USER_PATHS" = "NO";
				"COPY_PHASE_STRIP" = "NO";
				"SWIFT_OPTIMIZATION_LEVEL" = "-O";
				"DEBUG_INFORMATION_FORMAT" = "dwarf-with-dsym";
				"ONLY_ACTIVE_ARCH" = "NO";
			};
		};
		"9DC6FCD3D77113CE9C7CDFA0" = {
			"isa" = "XCConfigurationList";
			"buildConfigurations" = ("33434F675881B3B4A8CC72E4", "53CDDEFB259B5F6FD5196AE6",);
			"defaultConfigurationIsVisible" = "0";
			"defaultConfigurationName" = "Release";
		};
		"4F0779C94A3BA0FAE1C28963" = {
			"isa" = "XCLocalSwiftPackageReference";
			"relativePath" = "../..";
		};
		"DF34E7D4B6E8AD87079B41B5" = {
			"isa" = "PBXFileReference";
			"lastKnownFileType" = "sourcecode.swift";
			"path" = "App.swift";
			"sourceTree" = "<group>";
		};
		"40EDDAEF393E0B67D2880849" = {
			"isa" = "PBXGroup";
			"children" = ("DF34E7D4B6E8AD87079B41B5",);
			"path" = "Shared";
			"sourceTree" = "<group>";
		};
		"10F84884CA7BB962695CF689" = {
			"isa" = "PBXFileReference";
			"lastKnownFileType" = "sourcecode.swift";
			"path" = "ContentView.swift";
			"sourceTree" = "<group>";
		};
		"D528104FB2685A98D70D7D71" = {
			"isa" = "PBXGroup";
			"children" = ("10F84884CA7BB962695CF689",);
			"path" = "ComProblemas";
			"sourceTree" = "<group>";
		};
		"5CBD26A8DC7B5D499C45D5FB" = {
			"isa" = "PBXBuildFile";
			"fileRef" = "DF34E7D4B6E8AD87079B41B5";
		};
		"00A15E395232BE3B6C19E7AF" = {
			"isa" = "PBXBuildFile";
			"fileRef" = "10F84884CA7BB962695CF689";
		};
		"70D51C1F76BDE09F6CA0E3E2" = {
			"isa" = "PBXSourcesBuildPhase";
			"buildActionMask" = "2147483647";
			"files" = ("5CBD26A8DC7B5D499C45D5FB", "00A15E395232BE3B6C19E7AF",);
			"runOnlyForDeploymentPostprocessing" = "0";
		};
		"AC79E5D8C70459ED3326BFDE" = {
			"isa" = "PBXFrameworksBuildPhase";
			"buildActionMask" = "2147483647";
			"files" = ();
			"runOnlyForDeploymentPostprocessing" = "0";
		};
		"05519CD67D884266FD3EC598" = {
			"isa" = "PBXResourcesBuildPhase";
			"buildActionMask" = "2147483647";
			"files" = ();
			"runOnlyForDeploymentPostprocessing" = "0";
		};
		"61EF051E81BA3A97D38238C8" = {
			"isa" = "PBXFileReference";
			"explicitFileType" = "wrapper.application";
			"includeInIndex" = "0";
			"path" = "LeituraFacil-ComProblemas.app";
			"sourceTree" = "BUILT_PRODUCTS_DIR";
		};
		"14ECA382E02CC3D4F404822B" = {
			"isa" = "XCSwiftPackageProductDependency";
			"package" = "4F0779C94A3BA0FAE1C28963";
			"productName" = "plugin:SwiftAccessibilityCheckerPlugin";
		};
		"7A3C60E978576FBA04BCED3D" = {
			"isa" = "PBXTargetDependency";
			"productRef" = "14ECA382E02CC3D4F404822B";
		};
		"71E398629E74FBBB18295D76" = {
			"isa" = "XCBuildConfiguration";
			"name" = "Debug";
			"buildSettings" = {
				"PRODUCT_NAME" = "$(TARGET_NAME)";
				"PRODUCT_BUNDLE_IDENTIFIER" = "br.edu.tcc.sac.leiturafacil.comproblemas";
				"CODE_SIGN_STYLE" = "Automatic";
				"CURRENT_PROJECT_VERSION" = "1";
				"MARKETING_VERSION" = "1.0";
				"GENERATE_INFOPLIST_FILE" = "YES";
				"INFOPLIST_KEY_CFBundleDisplayName" = "Leitura Antes";
				"INFOPLIST_KEY_LSApplicationCategoryType" = "public.app-category.education";
				"INFOPLIST_KEY_UIApplicationSceneManifest_Generation" = "YES";
				"INFOPLIST_KEY_UIApplicationSupportsIndirectInputEvents" = "YES";
				"INFOPLIST_KEY_UILaunchScreen_Generation" = "YES";
				"INFOPLIST_KEY_UISupportedInterfaceOrientations" = "UIInterfaceOrientationPortrait UIInterfaceOrientationLandscapeLeft UIInterfaceOrientationLandscapeRight";
				"TARGETED_DEVICE_FAMILY" = "1";
				"SUPPORTED_PLATFORMS" = "iphoneos iphonesimulator";
				"SUPPORTS_MACCATALYST" = "NO";
				"SUPPORTS_MAC_DESIGNED_FOR_IPHONE_IPAD" = "NO";
				"LD_RUNPATH_SEARCH_PATHS" = ("$(inherited)", "@executable_path/Frameworks",);
				"SWIFT_EMIT_LOC_STRINGS" = "YES";
			};
		};
		"65622EDDF33BA6295E94B67A" = {
			"isa" = "XCBuildConfiguration";
			"name" = "Release";
			"buildSettings" = {
				"PRODUCT_NAME" = "$(TARGET_NAME)";
				"PRODUCT_BUNDLE_IDENTIFIER" = "br.edu.tcc.sac.leiturafacil.comproblemas";
				"CODE_SIGN_STYLE" = "Automatic";
				"CURRENT_PROJECT_VERSION" = "1";
				"MARKETING_VERSION" = "1.0";
				"GENERATE_INFOPLIST_FILE" = "YES";
				"INFOPLIST_KEY_CFBundleDisplayName" = "Leitura Antes";
				"INFOPLIST_KEY_LSApplicationCategoryType" = "public.app-category.education";
				"INFOPLIST_KEY_UIApplicationSceneManifest_Generation" = "YES";
				"INFOPLIST_KEY_UIApplicationSupportsIndirectInputEvents" = "YES";
				"INFOPLIST_KEY_UILaunchScreen_Generation" = "YES";
				"INFOPLIST_KEY_UISupportedInterfaceOrientations" = "UIInterfaceOrientationPortrait UIInterfaceOrientationLandscapeLeft UIInterfaceOrientationLandscapeRight";
				"TARGETED_DEVICE_FAMILY" = "1";
				"SUPPORTED_PLATFORMS" = "iphoneos iphonesimulator";
				"SUPPORTS_MACCATALYST" = "NO";
				"SUPPORTS_MAC_DESIGNED_FOR_IPHONE_IPAD" = "NO";
				"LD_RUNPATH_SEARCH_PATHS" = ("$(inherited)", "@executable_path/Frameworks",);
				"SWIFT_EMIT_LOC_STRINGS" = "YES";
			};
		};
		"1C6685020359613D782A994A" = {
			"isa" = "XCConfigurationList";
			"buildConfigurations" = ("71E398629E74FBBB18295D76", "65622EDDF33BA6295E94B67A",);
			"defaultConfigurationIsVisible" = "0";
			"defaultConfigurationName" = "Release";
		};
		"8FB726AB6E0872022F0E19AF" = {
			"isa" = "PBXNativeTarget";
			"name" = "LeituraFacil-ComProblemas";
			"productName" = "LeituraFacil-ComProblemas";
			"productReference" = "61EF051E81BA3A97D38238C8";
			"productType" = "com.apple.product-type.application";
			"buildConfigurationList" = "1C6685020359613D782A994A";
			"buildPhases" = ("70D51C1F76BDE09F6CA0E3E2", "AC79E5D8C70459ED3326BFDE", "05519CD67D884266FD3EC598",);
			"buildRules" = ();
			"dependencies" = ("7A3C60E978576FBA04BCED3D",);
			"packageProductDependencies" = ();
		};
		"D17ECBB7C5FEE6F1090B789F" = {
			"isa" = "PBXFileReference";
			"lastKnownFileType" = "sourcecode.swift";
			"path" = "ContentView.swift";
			"sourceTree" = "<group>";
		};
		"8EF46118246845F9BAB5EB2F" = {
			"isa" = "PBXGroup";
			"children" = ("D17ECBB7C5FEE6F1090B789F",);
			"path" = "Corrigido";
			"sourceTree" = "<group>";
		};
		"15EEFB7F4188556AD207D3B7" = {
			"isa" = "PBXBuildFile";
			"fileRef" = "DF34E7D4B6E8AD87079B41B5";
		};
		"68B3A550897C7B8DC87D970A" = {
			"isa" = "PBXBuildFile";
			"fileRef" = "D17ECBB7C5FEE6F1090B789F";
		};
		"E15507DE87744BC000B9D868" = {
			"isa" = "PBXSourcesBuildPhase";
			"buildActionMask" = "2147483647";
			"files" = ("15EEFB7F4188556AD207D3B7", "68B3A550897C7B8DC87D970A",);
			"runOnlyForDeploymentPostprocessing" = "0";
		};
		"7174DF53FC7F8C132801D515" = {
			"isa" = "PBXFrameworksBuildPhase";
			"buildActionMask" = "2147483647";
			"files" = ();
			"runOnlyForDeploymentPostprocessing" = "0";
		};
		"8705BF1036D5E72BEAF7C4ED" = {
			"isa" = "PBXResourcesBuildPhase";
			"buildActionMask" = "2147483647";
			"files" = ();
			"runOnlyForDeploymentPostprocessing" = "0";
		};
		"0363A7977BA808CEA341589D" = {
			"isa" = "PBXFileReference";
			"explicitFileType" = "wrapper.application";
			"includeInIndex" = "0";
			"path" = "LeituraFacil-Corrigido.app";
			"sourceTree" = "BUILT_PRODUCTS_DIR";
		};
		"DC573EBA513EB22EA62C85D1" = {
			"isa" = "XCSwiftPackageProductDependency";
			"package" = "4F0779C94A3BA0FAE1C28963";
			"productName" = "plugin:SwiftAccessibilityCheckerPlugin";
		};
		"3B710A232FC1A40A336BC5DB" = {
			"isa" = "PBXTargetDependency";
			"productRef" = "DC573EBA513EB22EA62C85D1";
		};
		"62AD52C8AC7AD661DBD29B14" = {
			"isa" = "XCBuildConfiguration";
			"name" = "Debug";
			"buildSettings" = {
				"PRODUCT_NAME" = "$(TARGET_NAME)";
				"PRODUCT_BUNDLE_IDENTIFIER" = "br.edu.tcc.sac.leiturafacil.corrigido";
				"CODE_SIGN_STYLE" = "Automatic";
				"CURRENT_PROJECT_VERSION" = "1";
				"MARKETING_VERSION" = "1.0";
				"GENERATE_INFOPLIST_FILE" = "YES";
				"INFOPLIST_KEY_CFBundleDisplayName" = "Leitura Depois";
				"INFOPLIST_KEY_LSApplicationCategoryType" = "public.app-category.education";
				"INFOPLIST_KEY_UIApplicationSceneManifest_Generation" = "YES";
				"INFOPLIST_KEY_UIApplicationSupportsIndirectInputEvents" = "YES";
				"INFOPLIST_KEY_UILaunchScreen_Generation" = "YES";
				"INFOPLIST_KEY_UISupportedInterfaceOrientations" = "UIInterfaceOrientationPortrait UIInterfaceOrientationLandscapeLeft UIInterfaceOrientationLandscapeRight";
				"TARGETED_DEVICE_FAMILY" = "1";
				"SUPPORTED_PLATFORMS" = "iphoneos iphonesimulator";
				"SUPPORTS_MACCATALYST" = "NO";
				"SUPPORTS_MAC_DESIGNED_FOR_IPHONE_IPAD" = "NO";
				"LD_RUNPATH_SEARCH_PATHS" = ("$(inherited)", "@executable_path/Frameworks",);
				"SWIFT_EMIT_LOC_STRINGS" = "YES";
			};
		};
		"CEA15DAD411045940F920E95" = {
			"isa" = "XCBuildConfiguration";
			"name" = "Release";
			"buildSettings" = {
				"PRODUCT_NAME" = "$(TARGET_NAME)";
				"PRODUCT_BUNDLE_IDENTIFIER" = "br.edu.tcc.sac.leiturafacil.corrigido";
				"CODE_SIGN_STYLE" = "Automatic";
				"CURRENT_PROJECT_VERSION" = "1";
				"MARKETING_VERSION" = "1.0";
				"GENERATE_INFOPLIST_FILE" = "YES";
				"INFOPLIST_KEY_CFBundleDisplayName" = "Leitura Depois";
				"INFOPLIST_KEY_LSApplicationCategoryType" = "public.app-category.education";
				"INFOPLIST_KEY_UIApplicationSceneManifest_Generation" = "YES";
				"INFOPLIST_KEY_UIApplicationSupportsIndirectInputEvents" = "YES";
				"INFOPLIST_KEY_UILaunchScreen_Generation" = "YES";
				"INFOPLIST_KEY_UISupportedInterfaceOrientations" = "UIInterfaceOrientationPortrait UIInterfaceOrientationLandscapeLeft UIInterfaceOrientationLandscapeRight";
				"TARGETED_DEVICE_FAMILY" = "1";
				"SUPPORTED_PLATFORMS" = "iphoneos iphonesimulator";
				"SUPPORTS_MACCATALYST" = "NO";
				"SUPPORTS_MAC_DESIGNED_FOR_IPHONE_IPAD" = "NO";
				"LD_RUNPATH_SEARCH_PATHS" = ("$(inherited)", "@executable_path/Frameworks",);
				"SWIFT_EMIT_LOC_STRINGS" = "YES";
			};
		};
		"F6253B60E4A429149E79BD20" = {
			"isa" = "XCConfigurationList";
			"buildConfigurations" = ("62AD52C8AC7AD661DBD29B14", "CEA15DAD411045940F920E95",);
			"defaultConfigurationIsVisible" = "0";
			"defaultConfigurationName" = "Release";
		};
		"72D295B4A9BE26B4375E9048" = {
			"isa" = "PBXNativeTarget";
			"name" = "LeituraFacil-Corrigido";
			"productName" = "LeituraFacil-Corrigido";
			"productReference" = "0363A7977BA808CEA341589D";
			"productType" = "com.apple.product-type.application";
			"buildConfigurationList" = "F6253B60E4A429149E79BD20";
			"buildPhases" = ("E15507DE87744BC000B9D868", "7174DF53FC7F8C132801D515", "8705BF1036D5E72BEAF7C4ED",);
			"buildRules" = ();
			"dependencies" = ("3B710A232FC1A40A336BC5DB",);
			"packageProductDependencies" = ();
		};
		"2B8A0C3394AA36F32BD61698" = {
			"isa" = "PBXGroup";
			"name" = "Products";
			"children" = ("61EF051E81BA3A97D38238C8", "0363A7977BA808CEA341589D",);
			"sourceTree" = "<group>";
		};
		"2F6B82CF2443EF8E47CCD2C7" = {
			"isa" = "PBXGroup";
			"children" = ("40EDDAEF393E0B67D2880849", "D528104FB2685A98D70D7D71", "8EF46118246845F9BAB5EB2F", "2B8A0C3394AA36F32BD61698",);
			"sourceTree" = "<group>";
		};
		"CC220D0EA33B8E9088E36F9F" = {
			"isa" = "PBXProject";
			"attributes" = {
				"LastUpgradeCheck" = "2700";
				"BuildIndependentTargetsInParallel" = "YES";
			};
			"buildConfigurationList" = "9DC6FCD3D77113CE9C7CDFA0";
			"compatibilityVersion" = "Xcode 15.0";
			"developmentRegion" = "pt-BR";
			"hasScannedForEncodings" = "0";
			"knownRegions" = ("pt-BR", "en", "Base",);
			"mainGroup" = "2F6B82CF2443EF8E47CCD2C7";
			"productRefGroup" = "2B8A0C3394AA36F32BD61698";
			"projectDirPath" = "";
			"projectRoot" = "";
			"targets" = ("8FB726AB6E0872022F0E19AF", "72D295B4A9BE26B4375E9048",);
			"packageReferences" = ("4F0779C94A3BA0FAE1C28963",);
		};
	};
	"rootObject" = "CC220D0EA33B8E9088E36F9F";
}
