// !$*UTF8*$!
{
	"archiveVersion" = "1";
	"classes" = {
	};
	"objectVersion" = "60";
	"objects" = {
		"BFC82FFD148FDD4775E7E522" = {
			"isa" = "XCBuildConfiguration";
			"name" = "Debug";
			"buildSettings" = {
				"SDKROOT" = "iphoneos";
				"IPHONEOS_DEPLOYMENT_TARGET" = "17.0";
				"SWIFT_VERSION" = "5.0";
				"CLANG_ENABLE_MODULES" = "YES";
				"CLANG_ENABLE_OBJC_ARC" = "YES";
				"ENABLE_USER_SCRIPT_SANDBOXING" = "YES";
				"GCC_C_LANGUAGE_STANDARD" = "gnu17";
				"ALWAYS_SEARCH_USER_PATHS" = "NO";
				"COPY_PHASE_STRIP" = "NO";
				"SWIFT_OPTIMIZATION_LEVEL" = "-Onone";
				"DEBUG_INFORMATION_FORMAT" = "dwarf";
				"ONLY_ACTIVE_ARCH" = "YES";
				"ENABLE_TESTABILITY" = "YES";
				"SWIFT_ACTIVE_COMPILATION_CONDITIONS" = "DEBUG $(inherited)";
			};
		};
		"97C77FD3FB8FE4CF79849BD9" = {
			"isa" = "XCBuildConfiguration";
			"name" = "Release";
			"buildSettings" = {
				"SDKROOT" = "iphoneos";
				"IPHONEOS_DEPLOYMENT_TARGET" = "17.0";
				"SWIFT_VERSION" = "5.0";
				"CLANG_ENABLE_MODULES" = "YES";
				"CLANG_ENABLE_OBJC_ARC" = "YES";
				"ENABLE_USER_SCRIPT_SANDBOXING" = "YES";
				"GCC_C_LANGUAGE_STANDARD" = "gnu17";
				"ALWAYS_SEARCH_USER_PATHS" = "NO";
				"COPY_PHASE_STRIP" = "NO";
				"SWIFT_OPTIMIZATION_LEVEL" = "-O";
				"DEBUG_INFORMATION_FORMAT" = "dwarf-with-dsym";
				"ONLY_ACTIVE_ARCH" = "NO";
			};
		};
		"03E80C2A8C863D48FB33E247" = {
			"isa" = "XCConfigurationList";
			"buildConfigurations" = ("BFC82FFD148FDD4775E7E522", "97C77FD3FB8FE4CF79849BD9",);
			"defaultConfigurationIsVisible" = "0";
			"defaultConfigurationName" = "Release";
		};
		"76FAD4F06844DB08840E4894" = {
			"isa" = "XCLocalSwiftPackageReference";
			"relativePath" = "../..";
		};
		"09A4639457E20A40DCBB09BA" = {
			"isa" = "PBXFileReference";
			"lastKnownFileType" = "sourcecode.swift";
			"path" = "App.swift";
			"sourceTree" = "<group>";
		};
		"A9DC011CCFBFD0E0DDE1DDE0" = {
			"isa" = "PBXGroup";
			"children" = ("09A4639457E20A40DCBB09BA",);
			"path" = "Shared";
			"sourceTree" = "<group>";
		};
		"D3875F3E287924C37719F26A" = {
			"isa" = "PBXFileReference";
			"lastKnownFileType" = "sourcecode.swift";
			"path" = "ContentView.swift";
			"sourceTree" = "<group>";
		};
		"6467DD6279F5A3122FB254AC" = {
			"isa" = "PBXGroup";
			"children" = ("D3875F3E287924C37719F26A",);
			"path" = "ComProblemas";
			"sourceTree" = "<group>";
		};
		"B5202C85A9563CF812682E9A" = {
			"isa" = "PBXBuildFile";
			"fileRef" = "09A4639457E20A40DCBB09BA";
		};
		"F5CDC49B0D8054E4FC3C9136" = {
			"isa" = "PBXBuildFile";
			"fileRef" = "D3875F3E287924C37719F26A";
		};
		"8C25495E5468EEDFA316FFA2" = {
			"isa" = "PBXSourcesBuildPhase";
			"buildActionMask" = "2147483647";
			"files" = ("B5202C85A9563CF812682E9A", "F5CDC49B0D8054E4FC3C9136",);
			"runOnlyForDeploymentPostprocessing" = "0";
		};
		"B664EB94275ED5334132D5B0" = {
			"isa" = "PBXFrameworksBuildPhase";
			"buildActionMask" = "2147483647";
			"files" = ();
			"runOnlyForDeploymentPostprocessing" = "0";
		};
		"D963A185A9AC57CF7D7F70B4" = {
			"isa" = "PBXResourcesBuildPhase";
			"buildActionMask" = "2147483647";
			"files" = ();
			"runOnlyForDeploymentPostprocessing" = "0";
		};
		"9160A053E86ABDB87ED6CA8C" = {
			"isa" = "PBXFileReference";
			"explicitFileType" = "wrapper.application";
			"includeInIndex" = "0";
			"path" = "MinhaRotina-ComProblemas.app";
			"sourceTree" = "BUILT_PRODUCTS_DIR";
		};
		"744C63429437B0C4DEAE9164" = {
			"isa" = "XCSwiftPackageProductDependency";
			"package" = "76FAD4F06844DB08840E4894";
			"productName" = "plugin:SwiftAccessibilityCheckerPlugin";
		};
		"C61EF7FCB338A8B0F5AF028D" = {
			"isa" = "PBXTargetDependency";
			"productRef" = "744C63429437B0C4DEAE9164";
		};
		"B9139D61878D154F92A47430" = {
			"isa" = "XCBuildConfiguration";
			"name" = "Debug";
			"buildSettings" = {
				"PRODUCT_NAME" = "$(TARGET_NAME)";
				"PRODUCT_BUNDLE_IDENTIFIER" = "br.edu.tcc.sac.minharotina.comproblemas";
				"CODE_SIGN_STYLE" = "Automatic";
				"CURRENT_PROJECT_VERSION" = "1";
				"MARKETING_VERSION" = "1.0";
				"GENERATE_INFOPLIST_FILE" = "YES";
				"INFOPLIST_KEY_CFBundleDisplayName" = "Rotina Antes";
				"INFOPLIST_KEY_LSApplicationCategoryType" = "public.app-category.education";
				"INFOPLIST_KEY_UIApplicationSceneManifest_Generation" = "YES";
				"INFOPLIST_KEY_UIApplicationSupportsIndirectInputEvents" = "YES";
				"INFOPLIST_KEY_UILaunchScreen_Generation" = "YES";
				"INFOPLIST_KEY_UISupportedInterfaceOrientations" = "UIInterfaceOrientationPortrait UIInterfaceOrientationLandscapeLeft UIInterfaceOrientationLandscapeRight";
				"TARGETED_DEVICE_FAMILY" = "1";
				"SUPPORTED_PLATFORMS" = "iphoneos iphonesimulator";
				"SUPPORTS_MACCATALYST" = "NO";
				"SUPPORTS_MAC_DESIGNED_FOR_IPHONE_IPAD" = "NO";
				"LD_RUNPATH_SEARCH_PATHS" = ("$(inherited)", "@executable_path/Frameworks",);
				"SWIFT_EMIT_LOC_STRINGS" = "YES";
			};
		};
		"1B83441C7DB9BD67C712902B" = {
			"isa" = "XCBuildConfiguration";
			"name" = "Release";
			"buildSettings" = {
				"PRODUCT_NAME" = "$(TARGET_NAME)";
				"PRODUCT_BUNDLE_IDENTIFIER" = "br.edu.tcc.sac.minharotina.comproblemas";
				"CODE_SIGN_STYLE" = "Automatic";
				"CURRENT_PROJECT_VERSION" = "1";
				"MARKETING_VERSION" = "1.0";
				"GENERATE_INFOPLIST_FILE" = "YES";
				"INFOPLIST_KEY_CFBundleDisplayName" = "Rotina Antes";
				"INFOPLIST_KEY_LSApplicationCategoryType" = "public.app-category.education";
				"INFOPLIST_KEY_UIApplicationSceneManifest_Generation" = "YES";
				"INFOPLIST_KEY_UIApplicationSupportsIndirectInputEvents" = "YES";
				"INFOPLIST_KEY_UILaunchScreen_Generation" = "YES";
				"INFOPLIST_KEY_UISupportedInterfaceOrientations" = "UIInterfaceOrientationPortrait UIInterfaceOrientationLandscapeLeft UIInterfaceOrientationLandscapeRight";
				"TARGETED_DEVICE_FAMILY" = "1";
				"SUPPORTED_PLATFORMS" = "iphoneos iphonesimulator";
				"SUPPORTS_MACCATALYST" = "NO";
				"SUPPORTS_MAC_DESIGNED_FOR_IPHONE_IPAD" = "NO";
				"LD_RUNPATH_SEARCH_PATHS" = ("$(inherited)", "@executable_path/Frameworks",);
				"SWIFT_EMIT_LOC_STRINGS" = "YES";
			};
		};
		"D32AF5167DD9E80D613A97D0" = {
			"isa" = "XCConfigurationList";
			"buildConfigurations" = ("B9139D61878D154F92A47430", "1B83441C7DB9BD67C712902B",);
			"defaultConfigurationIsVisible" = "0";
			"defaultConfigurationName" = "Release";
		};
		"772BAFBBEFB69A7325F1E7ED" = {
			"isa" = "PBXNativeTarget";
			"name" = "MinhaRotina-ComProblemas";
			"productName" = "MinhaRotina-ComProblemas";
			"productReference" = "9160A053E86ABDB87ED6CA8C";
			"productType" = "com.apple.product-type.application";
			"buildConfigurationList" = "D32AF5167DD9E80D613A97D0";
			"buildPhases" = ("8C25495E5468EEDFA316FFA2", "B664EB94275ED5334132D5B0", "D963A185A9AC57CF7D7F70B4",);
			"buildRules" = ();
			"dependencies" = ("C61EF7FCB338A8B0F5AF028D",);
			"packageProductDependencies" = ();
		};
		"48B359F800065D6A70AE9331" = {
			"isa" = "PBXFileReference";
			"lastKnownFileType" = "sourcecode.swift";
			"path" = "ContentView.swift";
			"sourceTree" = "<group>";
		};
		"BB79104DAA0EF94F321992EC" = {
			"isa" = "PBXGroup";
			"children" = ("48B359F800065D6A70AE9331",);
			"path" = "Corrigido";
			"sourceTree" = "<group>";
		};
		"D92661F3D601B4E5E55CE80B" = {
			"isa" = "PBXBuildFile";
			"fileRef" = "09A4639457E20A40DCBB09BA";
		};
		"20EBE76E6CC16B18D6501932" = {
			"isa" = "PBXBuildFile";
			"fileRef" = "48B359F800065D6A70AE9331";
		};
		"B815256FBC4A854ECEE20537" = {
			"isa" = "PBXSourcesBuildPhase";
			"buildActionMask" = "2147483647";
			"files" = ("D92661F3D601B4E5E55CE80B", "20EBE76E6CC16B18D6501932",);
			"runOnlyForDeploymentPostprocessing" = "0";
		};
		"A857AB4DFFEEE831B3936348" = {
			"isa" = "PBXFrameworksBuildPhase";
			"buildActionMask" = "2147483647";
			"files" = ();
			"runOnlyForDeploymentPostprocessing" = "0";
		};
		"6D2B6727186BCFD998AC4286" = {
			"isa" = "PBXResourcesBuildPhase";
			"buildActionMask" = "2147483647";
			"files" = ();
			"runOnlyForDeploymentPostprocessing" = "0";
		};
		"3DFDA90CA2DAFF9FDCF9529B" = {
			"isa" = "PBXFileReference";
			"explicitFileType" = "wrapper.application";
			"includeInIndex" = "0";
			"path" = "MinhaRotina-Corrigido.app";
			"sourceTree" = "BUILT_PRODUCTS_DIR";
		};
		"3C14C39F9FF757D8FF3B124F" = {
			"isa" = "XCSwiftPackageProductDependency";
			"package" = "76FAD4F06844DB08840E4894";
			"productName" = "plugin:SwiftAccessibilityCheckerPlugin";
		};
		"EF1109AC0849360E88F0B38D" = {
			"isa" = "PBXTargetDependency";
			"productRef" = "3C14C39F9FF757D8FF3B124F";
		};
		"069E63F1BA121A066D0DA144" = {
			"isa" = "XCBuildConfiguration";
			"name" = "Debug";
			"buildSettings" = {
				"PRODUCT_NAME" = "$(TARGET_NAME)";
				"PRODUCT_BUNDLE_IDENTIFIER" = "br.edu.tcc.sac.minharotina.corrigido";
				"CODE_SIGN_STYLE" = "Automatic";
				"CURRENT_PROJECT_VERSION" = "1";
				"MARKETING_VERSION" = "1.0";
				"GENERATE_INFOPLIST_FILE" = "YES";
				"INFOPLIST_KEY_CFBundleDisplayName" = "Rotina Depois";
				"INFOPLIST_KEY_LSApplicationCategoryType" = "public.app-category.education";
				"INFOPLIST_KEY_UIApplicationSceneManifest_Generation" = "YES";
				"INFOPLIST_KEY_UIApplicationSupportsIndirectInputEvents" = "YES";
				"INFOPLIST_KEY_UILaunchScreen_Generation" = "YES";
				"INFOPLIST_KEY_UISupportedInterfaceOrientations" = "UIInterfaceOrientationPortrait UIInterfaceOrientationLandscapeLeft UIInterfaceOrientationLandscapeRight";
				"TARGETED_DEVICE_FAMILY" = "1";
				"SUPPORTED_PLATFORMS" = "iphoneos iphonesimulator";
				"SUPPORTS_MACCATALYST" = "NO";
				"SUPPORTS_MAC_DESIGNED_FOR_IPHONE_IPAD" = "NO";
				"LD_RUNPATH_SEARCH_PATHS" = ("$(inherited)", "@executable_path/Frameworks",);
				"SWIFT_EMIT_LOC_STRINGS" = "YES";
			};
		};
		"91D853BE4D0D5F09F9165F65" = {
			"isa" = "XCBuildConfiguration";
			"name" = "Release";
			"buildSettings" = {
				"PRODUCT_NAME" = "$(TARGET_NAME)";
				"PRODUCT_BUNDLE_IDENTIFIER" = "br.edu.tcc.sac.minharotina.corrigido";
				"CODE_SIGN_STYLE" = "Automatic";
				"CURRENT_PROJECT_VERSION" = "1";
				"MARKETING_VERSION" = "1.0";
				"GENERATE_INFOPLIST_FILE" = "YES";
				"INFOPLIST_KEY_CFBundleDisplayName" = "Rotina Depois";
				"INFOPLIST_KEY_LSApplicationCategoryType" = "public.app-category.education";
				"INFOPLIST_KEY_UIApplicationSceneManifest_Generation" = "YES";
				"INFOPLIST_KEY_UIApplicationSupportsIndirectInputEvents" = "YES";
				"INFOPLIST_KEY_UILaunchScreen_Generation" = "YES";
				"INFOPLIST_KEY_UISupportedInterfaceOrientations" = "UIInterfaceOrientationPortrait UIInterfaceOrientationLandscapeLeft UIInterfaceOrientationLandscapeRight";
				"TARGETED_DEVICE_FAMILY" = "1";
				"SUPPORTED_PLATFORMS" = "iphoneos iphonesimulator";
				"SUPPORTS_MACCATALYST" = "NO";
				"SUPPORTS_MAC_DESIGNED_FOR_IPHONE_IPAD" = "NO";
				"LD_RUNPATH_SEARCH_PATHS" = ("$(inherited)", "@executable_path/Frameworks",);
				"SWIFT_EMIT_LOC_STRINGS" = "YES";
			};
		};
		"07DACE8596F15045AA9E47B5" = {
			"isa" = "XCConfigurationList";
			"buildConfigurations" = ("069E63F1BA121A066D0DA144", "91D853BE4D0D5F09F9165F65",);
			"defaultConfigurationIsVisible" = "0";
			"defaultConfigurationName" = "Release";
		};
		"3D86E009C875D18DDA1A4F75" = {
			"isa" = "PBXNativeTarget";
			"name" = "MinhaRotina-Corrigido";
			"productName" = "MinhaRotina-Corrigido";
			"productReference" = "3DFDA90CA2DAFF9FDCF9529B";
			"productType" = "com.apple.product-type.application";
			"buildConfigurationList" = "07DACE8596F15045AA9E47B5";
			"buildPhases" = ("B815256FBC4A854ECEE20537", "A857AB4DFFEEE831B3936348", "6D2B6727186BCFD998AC4286",);
			"buildRules" = ();
			"dependencies" = ("EF1109AC0849360E88F0B38D",);
			"packageProductDependencies" = ();
		};
		"F265D80AF27EE42F825530A4" = {
			"isa" = "PBXGroup";
			"name" = "Products";
			"children" = ("9160A053E86ABDB87ED6CA8C", "3DFDA90CA2DAFF9FDCF9529B",);
			"sourceTree" = "<group>";
		};
		"543F19267C40BB3C8FE47F0A" = {
			"isa" = "PBXGroup";
			"children" = ("A9DC011CCFBFD0E0DDE1DDE0", "6467DD6279F5A3122FB254AC", "BB79104DAA0EF94F321992EC", "F265D80AF27EE42F825530A4",);
			"sourceTree" = "<group>";
		};
		"6854C9E96F3F6289B4AF1451" = {
			"isa" = "PBXProject";
			"attributes" = {
				"LastUpgradeCheck" = "2700";
				"BuildIndependentTargetsInParallel" = "YES";
			};
			"buildConfigurationList" = "03E80C2A8C863D48FB33E247";
			"compatibilityVersion" = "Xcode 15.0";
			"developmentRegion" = "pt-BR";
			"hasScannedForEncodings" = "0";
			"knownRegions" = ("pt-BR", "en", "Base",);
			"mainGroup" = "543F19267C40BB3C8FE47F0A";
			"productRefGroup" = "F265D80AF27EE42F825530A4";
			"projectDirPath" = "";
			"projectRoot" = "";
			"targets" = ("772BAFBBEFB69A7325F1E7ED", "3D86E009C875D18DDA1A4F75",);
			"packageReferences" = ("76FAD4F06844DB08840E4894",);
		};
	};
	"rootObject" = "6854C9E96F3F6289B4AF1451";
}
